// !$*UTF8*$!
{
	archiveVersion = 1;
	classes = {
	};
	objectVersion = 50;
	objects = {

/* Begin PBXBuildFile section */
		52DBC15121DDF94C00CA0C91 /* AppDelegate.swift in Sources */ = {isa = PBXBuildFile; fileRef = 52DBC15021DDF94C00CA0C91 /* AppDelegate.swift */; };
		52DBC15321DDF94C00CA0C91 /* ViewController.swift in Sources */ = {isa = PBXBuildFile; fileRef = 52DBC15221DDF94C00CA0C91 /* ViewController.swift */; };
		52DBC15621DDF94C00CA0C91 /* Main.storyboard in Resources */ = {isa = PBXBuildFile; fileRef = 52DBC15421DDF94C00CA0C91 /* Main.storyboard */; };
		52DBC15821DDF94F00CA0C91 /* Assets.xcassets in Resources */ = {isa = PBXBuildFile; fileRef = 52DBC15721DDF94F00CA0C91 /* Assets.xcassets */; };
		52DBC15B21DDF94F00CA0C91 /* LaunchScreen.storyboard in Resources */ = {isa = PBXBuildFile; fileRef = 52DBC15921DDF94F00CA0C91 /* LaunchScreen.storyboard */; };
		52DBC16521DFBFE300CA0C91 /* a.png in Resources */ = {isa = PBXBuildFile; fileRef = 52DBC16421DFBFE200CA0C91 /* a.png */; };
		52DBC17321DFC7A000CA0C91 /* b.png in Resources */ = {isa = PBXBuildFile; fileRef = 52DBC17221DFC7A000CA0C91 /* b.png */; };
		52DBC18621E143C800CA0C91 /* c.jpg in Resources */ = {isa = PBXBuildFile; fileRef = 52DBC18521E143C800CA0C91 /* c.jpg */; };
		52DBC1A821E1FEC400CA0C91 /* 1600x1200x8f372fe156edabc96c0b01.jpg in Resources */ = {isa = PBXBuildFile; fileRef = 52DBC1A721E1FEC400CA0C91 /* 1600x1200x8f372fe156edabc96c0b01.jpg */; };
		52DBC1AA21E205AA00CA0C91 /* 1024x680x9cc20026db30c18106013ac-1.jpg in Resources */ = {isa = PBXBuildFile; fileRef = 52DBC1A921E205AA00CA0C91 /* 1024x680x9cc20026db30c18106013ac-1.jpg */; };
/* End PBXBuildFile section */

/* Begin PBXFileReference section */
		52DBC14D21DDF94C00CA0C91 /* filterSample4.app */ = {isa = PBXFileReference; explicitFileType = wrapper.application; includeInIndex = 0; path = filterSample4.app; sourceTree = BUILT_PRODUCTS_DIR; };
		52DBC15021DDF94C00CA0C91 /* AppDelegate.swift */ = {isa = PBXFileReference; lastKnownFileType = sourcecode.swift; path = AppDelegate.swift; sourceTree = "<group>"; };
		52DBC15221DDF94C00CA0C91 /* ViewController.swift */ = {isa = PBXFileReference; lastKnownFileType = sourcecode.swift; path = ViewController.swift; sourceTree = "<group>"; };
		52DBC15521DDF94C00CA0C91 /* Base */ = {isa = PBXFileReference; lastKnownFileType = file.storyboard; name = Base; path = Base.lproj/Main.storyboard; sourceTree = "<group>"; };
		52DBC15721DDF94F00CA0C91 /* Assets.xcassets */ = {isa = PBXFileReference; lastKnownFileType = folder.assetcatalog; path = Assets.xcassets; sourceTree = "<group>"; };
		52DBC15A21DDF94F00CA0C91 /* Base */ = {isa = PBXFileReference; lastKnownFileType = file.storyboard; name = Base; path = Base.lproj/LaunchScreen.storyboard; sourceTree = "<group>"; };
		52DBC15C21DDF94F00CA0C91 /* Info.plist */ = {isa = PBXFileReference; lastKnownFileType = text.plist.xml; path = Info.plist; sourceTree = "<group>"; };
		52DBC16421DFBFE200CA0C91 /* a.png */ = {isa = PBXFileReference; lastKnownFileType = image.png; path = a.png; sourceTree = SOURCE_ROOT; };
		52DBC17221DFC7A000CA0C91 /* b.png */ = {isa = PBXFileReference; lastKnownFileType = image.png; path = b.png; sourceTree = SOURCE_ROOT; };
		52DBC18521E143C800CA0C91 /* c.jpg */ = {isa = PBXFileReference; lastKnownFileType = image.jpeg; name = c.jpg; path = filterSample4/c.jpg; sourceTree = SOURCE_ROOT; };
		52DBC1A721E1FEC400CA0C91 /* 1600x1200x8f372fe156edabc96c0b01.jpg */ = {isa = PBXFileReference; lastKnownFileType = image.jpeg; path = 1600x1200x8f372fe156edabc96c0b01.jpg; sourceTree = SOURCE_ROOT; };
		52DBC1A921E205AA00CA0C91 /* 1024x680x9cc20026db30c18106013ac-1.jpg */ = {isa = PBXFileReference; lastKnownFileType = image.jpeg; path = "1024x680x9cc20026db30c18106013ac-1.jpg"; sourceTree = "<group>"; };
/* End PBXFileReference section */

/* Begin PBXFrameworksBuildPhase section */
		52DBC14A21DDF94C00CA0C91 /* Frameworks */ = {
			isa = PBXFrameworksBuildPhase;
			buildActionMask = 2147483647;
			files = (
			);
			runOnlyForDeploymentPostprocessing = 0;
		};
/* End PBXFrameworksBuildPhase section */

/* Begin PBXGroup section */
		52DBC14421DDF94C00CA0C91 = {
			isa = PBXGroup;
			children = (
				52DBC14F21DDF94C00CA0C91 /* filterSample4 */,
				52DBC14E21DDF94C00CA0C91 /* Products */,
			);
			sourceTree = "<group>";
		};
		52DBC14E21DDF94C00CA0C91 /* Products */ = {
			isa = PBXGroup;
			children = (
				52DBC14D21DDF94C00CA0C91 /* filterSample4.app */,
			);
			name = Products;
			sourceTree = "<group>";
		};
		52DBC14F21DDF94C00CA0C91 /* filterSample4 */ = {
			isa = PBXGroup;
			children = (
				52DBC15021DDF94C00CA0C91 /* AppDelegate.swift */,
				52DBC15221DDF94C00CA0C91 /* ViewController.swift */,
				52DBC15421DDF94C00CA0C91 /* Main.storyboard */,
				52DBC15721DDF94F00CA0C91 /* Assets.xcassets */,
				52DBC15921DDF94F00CA0C91 /* LaunchScreen.storyboard */,
				52DBC1A721E1FEC400CA0C91 /* 1600x1200x8f372fe156edabc96c0b01.jpg */,
				52DBC16421DFBFE200CA0C91 /* a.png */,
				52DBC1A921E205AA00CA0C91 /* 1024x680x9cc20026db30c18106013ac-1.jpg */,
				52DBC17221DFC7A000CA0C91 /* b.png */,
				52DBC18521E143C800CA0C91 /* c.jpg */,
				52DBC15C21DDF94F00CA0C91 /* Info.plist */,
			);
			path = filterSample4;
			sourceTree = "<group>";
		};
/* End PBXGroup section */

/* Begin PBXNativeTarget section */
		52DBC14C21DDF94C00CA0C91 /* filterSample4 */ = {
			isa = PBXNativeTarget;
			buildConfigurationList = 52DBC15F21DDF94F00CA0C91 /* Build configuration list for PBXNativeTarget "filterSample4" */;
			buildPhases = (
				52DBC14921DDF94C00CA0C91 /* Sources */,
				52DBC14A21DDF94C00CA0C91 /* Frameworks */,
				52DBC14B21DDF94C00CA0C91 /* Resources */,
			);
			buildRules = (
			);
			dependencies = (
			);
			name = filterSample4;
			productName = filterSample4;
			productReference = 52DBC14D21DDF94C00CA0C91 /* filterSample4.app */;
			productType = "com.apple.product-type.application";
		};
/* End PBXNativeTarget section */

/* Begin PBXProject section */
		52DBC14521DDF94C00CA0C91 /* Project object */ = {
			isa = PBXProject;
			attributes = {
				LastSwiftUpdateCheck = 1010;
				LastUpgradeCheck = 1010;
				ORGANIZATIONNAME = "佐藤一成";
				TargetAttributes = {
					52DBC14C21DDF94C00CA0C91 = {
						CreatedOnToolsVersion = 10.1;
					};
				};
			};
			buildConfigurationList = 52DBC14821DDF94C00CA0C91 /* Build configuration list for PBXProject "filterSample4" */;
			compatibilityVersion = "Xcode 9.3";
			developmentRegion = en;
			hasScannedForEncodings = 0;
			knownRegions = (
				en,
				Base,
			);
			mainGroup = 52DBC14421DDF94C00CA0C91;
			productRefGroup = 52DBC14E21DDF94C00CA0C91 /* Products */;
			projectDirPath = "";
			projectRoot = "";
			targets = (
				52DBC14C21DDF94C00CA0C91 /* filterSample4 */,
			);
		};
/* End PBXProject section */

/* Begin PBXResourcesBuildPhase section */
		52DBC14B21DDF94C00CA0C91 /* Resources */ = {
			isa = PBXResourcesBuildPhase;
			buildActionMask = 2147483647;
			files = (
				52DBC18621E143C800CA0C91 /* c.jpg in Resources */,
				52DBC15B21DDF94F00CA0C91 /* LaunchScreen.storyboard in Resources */,
				52DBC1A821E1FEC400CA0C91 /* 1600x1200x8f372fe156edabc96c0b01.jpg in Resources */,
				52DBC16521DFBFE300CA0C91 /* a.png in Resources */,
				52DBC15821DDF94F00CA0C91 /* Assets.xcassets in Resources */,
				52DBC1AA21E205AA00CA0C91 /* 1024x680x9cc20026db30c18106013ac-1.jpg in Resources */,
				52DBC15621DDF94C00CA0C91 /* Main.storyboard in Resources */,
				52DBC17321DFC7A000CA0C91 /* b.png in Resources */,
			);
			runOnlyForDeploymentPostprocessing = 0;
		};
/* End PBXResourcesBuildPhase section */

/* Begin PBXSourcesBuildPhase section */
		52DBC14921DDF94C00CA0C91 /* Sources */ = {
			isa = PBXSourcesBuildPhase;
			buildActionMask = 2147483647;
			files = (
				52DBC15321DDF94C00CA0C91 /* ViewController.swift in Sources */,
				52DBC15121DDF94C00CA0C91 /* AppDelegate.swift in Sources */,
			);
			runOnlyForDeploymentPostprocessing = 0;
		};
/* End PBXSourcesBuildPhase section */

/* Begin PBXVariantGroup section */
		52DBC15421DDF94C00CA0C91 /* Main.storyboard */ = {
			isa = PBXVariantGroup;
			children = (
				52DBC15521DDF94C00CA0C91 /* Base */,
			);
			name = Main.storyboard;
			sourceTree = "<group>";
		};
		52DBC15921DDF94F00CA0C91 /* LaunchScreen.storyboard */ = {
			isa = PBXVariantGroup;
			children = (
				52DBC15A21DDF94F00CA0C91 /* Base */,
			);
			name = LaunchScreen.storyboard;
			sourceTree = "<group>";
		};
/* End PBXVariantGroup section */

/* Begin XCBuildConfiguration section */
		52DBC15D21DDF94F00CA0C91 /* Debug */ = {
			isa = XCBuildConfiguration;
			buildSettings = {
				ALWAYS_SEARCH_USER_PATHS = NO;
				CLANG_ANALYZER_NONNULL = YES;
				CLANG_ANALYZER_NUMBER_OBJECT_CONVERSION = YES_AGGRESSIVE;
				CLANG_CXX_LANGUAGE_STANDARD = "gnu++14";
				CLANG_CXX_LIBRARY = "libc++";
				CLANG_ENABLE_MODULES = YES;
				CLANG_ENABLE_OBJC_ARC = YES;
				CLANG_ENABLE_OBJC_WEAK = YES;
				CLANG_WARN_BLOCK_CAPTURE_AUTORELEASING = YES;
				CLANG_WARN_BOOL_CONVERSION = YES;
				CLANG_WARN_COMMA = YES;
				CLANG_WARN_CONSTANT_CONVERSION = YES;
				CLANG_WARN_DEPRECATED_OBJC_IMPLEMENTATIONS = YES;
				CLANG_WARN_DIRECT_OBJC_ISA_USAGE = YES_ERROR;
				CLANG_WARN_DOCUMENTATION_COMMENTS = YES;
				CLANG_WARN_EMPTY_BODY = YES;
				CLANG_WARN_ENUM_CONVERSION = YES;
				CLANG_WARN_INFINITE_RECURSION = YES;
				CLANG_WARN_INT_CONVERSION = YES;
				CLANG_WARN_NON_LITERAL_NULL_CONVERSION = YES;
				CLANG_WARN_OBJC_IMPLICIT_RETAIN_SELF = YES;
				CLANG_WARN_OBJC_LITERAL_CONVERSION = YES;
				CLANG_WARN_OBJC_ROOT_CLASS = YES_ERROR;
				CLANG_WARN_RANGE_LOOP_ANALYSIS = YES;
				CLANG_WARN_STRICT_PROTOTYPES = YES;
				CLANG_WARN_SUSPICIOUS_MOVE = YES;
				CLANG_WARN_UNGUARDED_AVAILABILITY = YES_AGGRESSIVE;
				CLANG_WARN_UNREACHABLE_CODE = YES;
				CLANG_WARN__DUPLICATE_METHOD_MATCH = YES;
				CODE_SIGN_IDENTITY = "iPhone Developer";
				COPY_PHASE_STRIP = NO;
				DEBUG_INFORMATION_FORMAT = dwarf;
				ENABLE_STRICT_OBJC_MSGSEND = YES;
				ENABLE_TESTABILITY = YES;
				GCC_C_LANGUAGE_STANDARD = gnu11;
				GCC_DYNAMIC_NO_PIC = NO;
				GCC_NO_COMMON_BLOCKS = YES;
				GCC_OPTIMIZATION_LEVEL = 0;
				GCC_PREPROCESSOR_DEFINITIONS = (
					"DEBUG=1",
					"$(inherited)",
				);
				GCC_WARN_64_TO_32_BIT_CONVERSION = YES;
				GCC_WARN_ABOUT_RETURN_TYPE = YES_ERROR;
				GCC_WARN_UNDECLARED_SELECTOR = YES;
				GCC_WARN_UNINITIALIZED_AUTOS = YES_AGGRESSIVE;
				GCC_WARN_UNUSED_FUNCTION = YES;
				GCC_WARN_UNUSED_VARIABLE = YES;
				IPHONEOS_DEPLOYMENT_TARGET = 12.1;
				MTL_ENABLE_DEBUG_INFO = INCLUDE_SOURCE;
				MTL_FAST_MATH = YES;
				ONLY_ACTIVE_ARCH = YES;
				SDKROOT = iphoneos;
				SWIFT_ACTIVE_COMPILATION_CONDITIONS = DEBUG;
				SWIFT_OPTIMIZATION_LEVEL = "-Onone";
			};
			name = Debug;
		};
		52DBC15E21DDF94F00CA0C91 /* Release */ = {
			isa = XCBuildConfiguration;
			buildSettings = {
				ALWAYS_SEARCH_USER_PATHS = NO;
				CLANG_ANALYZER_NONNULL = YES;
				CLANG_ANALYZER_NUMBER_OBJECT_CONVERSION = YES_AGGRESSIVE;
				CLANG_CXX_LANGUAGE_STANDARD = "gnu++14";
				CLANG_CXX_LIBRARY = "libc++";
				CLANG_ENABLE_MODULES = YES;
				CLANG_ENABLE_OBJC_ARC = YES;
				CLANG_ENABLE_OBJC_WEAK = YES;
				CLANG_WARN_BLOCK_CAPTURE_AUTORELEASING = YES;
				CLANG_WARN_BOOL_CONVERSION = YES;
				CLANG_WARN_COMMA = YES;
				CLANG_WARN_CONSTANT_CONVERSION = YES;
				CLANG_WARN_DEPRECATED_OBJC_IMPLEMENTATIONS = YES;
				CLANG_WARN_DIRECT_OBJC_ISA_USAGE = YES_ERROR;
				CLANG_WARN_DOCUMENTATION_COMMENTS = YES;
				CLANG_WARN_EMPTY_BODY = YES;
				CLANG_WARN_ENUM_CONVERSION = YES;
				CLANG_WARN_INFINITE_RECURSION = YES;
				CLANG_WARN_INT_CONVERSION = YES;
				CLANG_WARN_NON_LITERAL_NULL_CONVERSION = YES;
				CLANG_WARN_OBJC_IMPLICIT_RETAIN_SELF = YES;
				CLANG_WARN_OBJC_LITERAL_CONVERSION = YES;
				CLANG_WARN_OBJC_ROOT_CLASS = YES_ERROR;
				CLANG_WARN_RANGE_LOOP_ANALYSIS = YES;
				CLANG_WARN_STRICT_PROTOTYPES = YES;
				CLANG_WARN_SUSPICIOUS_MOVE = YES;
				CLANG_WARN_UNGUARDED_AVAILABILITY = YES_AGGRESSIVE;
				CLANG_WARN_UNREACHABLE_CODE = YES;
				CLANG_WARN__DUPLICATE_METHOD_MATCH = YES;
				CODE_SIGN_IDENTITY = "iPhone Developer";
				COPY_PHASE_STRIP = NO;
				DEBUG_INFORMATION_FORMAT = "dwarf-with-dsym";
				ENABLE_NS_ASSERTIONS = NO;
				ENABLE_STRICT_OBJC_MSGSEND = YES;
				GCC_C_LANGUAGE_STANDARD = gnu11;
				GCC_NO_COMMON_BLOCKS = YES;
				GCC_WARN_64_TO_32_BIT_CONVERSION = YES;
				GCC_WARN_ABOUT_RETURN_TYPE = YES_ERROR;
				GCC_WARN_UNDECLARED_SELECTOR = YES;
				GCC_WARN_UNINITIALIZED_AUTOS = YES_AGGRESSIVE;
				GCC_WARN_UNUSED_FUNCTION = YES;
				GCC_WARN_UNUSED_VARIABLE = YES;
				IPHONEOS_DEPLOYMENT_TARGET = 12.1;
				MTL_ENABLE_DEBUG_INFO = NO;
				MTL_FAST_MATH = YES;
				SDKROOT = iphoneos;
				SWIFT_COMPILATION_MODE = wholemodule;
				SWIFT_OPTIMIZATION_LEVEL = "-O";
				VALIDATE_PRODUCT = YES;
			};
			name = Release;
		};
		52DBC16021DDF94F00CA0C91 /* Debug */ = {
			isa = XCBuildConfiguration;
			buildSettings = {
				ASSETCATALOG_COMPILER_APPICON_NAME = AppIcon;
				CODE_SIGN_STYLE = Automatic;
				DEVELOPMENT_TEAM = 36H79X5ZFD;
				INFOPLIST_FILE = filterSample4/Info.plist;
				LD_RUNPATH_SEARCH_PATHS = (
					"$(inherited)",
					"@executable_path/Frameworks",
				);
				PRODUCT_BUNDLE_IDENTIFIER = KS.filterSample4;
				PRODUCT_NAME = "$(TARGET_NAME)";
				SWIFT_VERSION = 4.2;
				TARGETED_DEVICE_FAMILY = "1,2";
			};
			name = Debug;
		};
		52DBC16121DDF94F00CA0C91 /* Release */ = {
			isa = XCBuildConfiguration;
			buildSettings = {
				ASSETCATALOG_COMPILER_APPICON_NAME = AppIcon;
				CODE_SIGN_STYLE = Automatic;
				DEVELOPMENT_TEAM = 36H79X5ZFD;
				INFOPLIST_FILE = filterSample4/Info.plist;
				LD_RUNPATH_SEARCH_PATHS = (
					"$(inherited)",
					"@executable_path/Frameworks",
				);
				PRODUCT_BUNDLE_IDENTIFIER = KS.filterSample4;
				PRODUCT_NAME = "$(TARGET_NAME)";
				SWIFT_VERSION = 4.2;
				TARGETED_DEVICE_FAMILY = "1,2";
			};
			name = Release;
		};
/* End XCBuildConfiguration section */

/* Begin XCConfigurationList section */
		52DBC14821DDF94C00CA0C91 /* Build configuration list for PBXProject "filterSample4" */ = {
			isa = XCConfigurationList;
			buildConfigurations = (
				52DBC15D21DDF94F00CA0C91 /* Debug */,
				52DBC15E21DDF94F00CA0C91 /* Release */,
			);
			defaultConfigurationIsVisible = 0;
			defaultConfigurationName = Release;
		};
		52DBC15F21DDF94F00CA0C91 /* Build configuration list for PBXNativeTarget "filterSample4" */ = {
			isa = XCConfigurationList;
			buildConfigurations = (
				52DBC16021DDF94F00CA0C91 /* Debug */,
				52DBC16121DDF94F00CA0C91 /* Release */,
			);
			defaultConfigurationIsVisible = 0;
			defaultConfigurationName = Release;
		};
/* End XCConfigurationList section */
	};
	rootObject = 52DBC14521DDF94C00CA0C91 /* Project object */;
}
